
Microsoft Visual Studio Solution File, Format Version 12.00
# Visual Studio Version 17
VisualStudioVersion = 17.1.32319.34
MinimumVisualStudioVersion = 10.0.40219.1
Project("{2150E333-8FDC-42A3-9474-1A3956D46DE8}") = "src", "src", "{DF1ECE0B-7D0B-4A12-8C19-2FFC0C9AA261}"
EndProject
Project("{2150E333-8FDC-42A3-9474-1A3956D46DE8}") = "Core", "Core", "{4CD84AC0-9624-4026-9D08-86F4A2AC40CD}"
EndProject
Project("{2150E333-8FDC-42A3-9474-1A3956D46DE8}") = "Vehicle", "Vehicle", "{F557C83A-5AF3-4E95-AC74-423B35A0EC59}"
EndProject
Project("{9A19103F-16F7-4668-BE54-9A1E7A4F7556}") = "Core.Application", "src\Core\Core.Application\Core.Application.csproj", "{A1B83C14-002D-45EC-AE28-635A8293335E}"
EndProject
Project("{9A19103F-16F7-4668-BE54-9A1E7A4F7556}") = "Core.Persistance", "src\Core\Core.Persistance\Core.Persistance.csproj", "{6625A42B-C663-4AC5-A38B-A96433F75EFD}"
EndProject
Project("{9A19103F-16F7-4668-BE54-9A1E7A4F7556}") = "Core.CrossCuttingConcerns", "src\Core\Core.CrossCuttingConcerns\Core.CrossCuttingConcerns.csproj", "{DF750950-B1FB-41B0-B50C-F2139FBA188F}"
EndProject
Project("{9A19103F-16F7-4668-BE54-9A1E7A4F7556}") = "Domain", "src\Vehicle\Domain\Domain.csproj", "{301E1F1C-114A-401A-B6E1-D917515D2AC5}"
EndProject
Project("{9A19103F-16F7-4668-BE54-9A1E7A4F7556}") = "Persistance", "src\Vehicle\Persistance\Persistance.csproj", "{45DF67C1-11AC-4327-BBAF-09EE0C59C6C6}"
EndProject
Project("{9A19103F-16F7-4668-BE54-9A1E7A4F7556}") = "Application", "src\Vehicle\Application\Application.csproj", "{00FB8A66-89FE-4C09-9B87-9A6FC8337521}"
EndProject
Project("{9A19103F-16F7-4668-BE54-9A1E7A4F7556}") = "WebAPI", "src\Vehicle\WebAPI\WebAPI.csproj", "{BAEFC73B-9A4D-4C72-B081-DBD6A9EE611B}"
EndProject
Project("{2150E333-8FDC-42A3-9474-1A3956D46DE8}") = "tests", "tests", "{893BA4A2-0CC5-424B-A7B6-F8DD76C281B1}"
EndProject
Project("{FAE04EC0-301F-11D3-BF4B-00C04F79EFBC}") = "Application.Test", "tests\Application.Test\Application.Test.csproj", "{8E34DC0B-860E-4BFC-9F78-7556F8546BBE}"
EndProject
Project("{FAE04EC0-301F-11D3-BF4B-00C04F79EFBC}") = "Core.Test", "src\Core\Core.Test\Core.Test.csproj", "{0C12CC72-2B7E-44C1-9B0E-8DF1CA5CCD55}"
EndProject
Global
	GlobalSection(SolutionConfigurationPlatforms) = preSolution
		Debug|Any CPU = Debug|Any CPU
		Release|Any CPU = Release|Any CPU
	EndGlobalSection
	GlobalSection(ProjectConfigurationPlatforms) = postSolution
		{A1B83C14-002D-45EC-AE28-635A8293335E}.Debug|Any CPU.ActiveCfg = Debug|Any CPU
		{A1B83C14-002D-45EC-AE28-635A8293335E}.Debug|Any CPU.Build.0 = Debug|Any CPU
		{A1B83C14-002D-45EC-AE28-635A8293335E}.Release|Any CPU.ActiveCfg = Release|Any CPU
		{A1B83C14-002D-45EC-AE28-635A8293335E}.Release|Any CPU.Build.0 = Release|Any CPU
		{6625A42B-C663-4AC5-A38B-A96433F75EFD}.Debug|Any CPU.ActiveCfg = Debug|Any CPU
		{6625A42B-C663-4AC5-A38B-A96433F75EFD}.Debug|Any CPU.Build.0 = Debug|Any CPU
		{6625A42B-C663-4AC5-A38B-A96433F75EFD}.Release|Any CPU.ActiveCfg = Release|Any CPU
		{6625A42B-C663-4AC5-A38B-A96433F75EFD}.Release|Any CPU.Build.0 = Release|Any CPU
		{DF750950-B1FB-41B0-B50C-F2139FBA188F}.Debug|Any CPU.ActiveCfg = Debug|Any CPU
		{DF750950-B1FB-41B0-B50C-F2139FBA188F}.Debug|Any CPU.Build.0 = Debug|Any CPU
		{DF750950-B1FB-41B0-B50C-F2139FBA188F}.Release|Any CPU.ActiveCfg = Release|Any CPU
		{DF750950-B1FB-41B0-B50C-F2139FBA188F}.Release|Any CPU.Build.0 = Release|Any CPU
		{301E1F1C-114A-401A-B6E1-D917515D2AC5}.Debug|Any CPU.ActiveCfg = Debug|Any CPU
		{301E1F1C-114A-401A-B6E1-D917515D2AC5}.Debug|Any CPU.Build.0 = Debug|Any CPU
		{301E1F1C-114A-401A-B6E1-D917515D2AC5}.Release|Any CPU.ActiveCfg = Release|Any CPU
		{301E1F1C-114A-401A-B6E1-D917515D2AC5}.Release|Any CPU.Build.0 = Release|Any CPU
		{45DF67C1-11AC-4327-BBAF-09EE0C59C6C6}.Debug|Any CPU.ActiveCfg = Debug|Any CPU
		{45DF67C1-11AC-4327-BBAF-09EE0C59C6C6}.Debug|Any CPU.Build.0 = Debug|Any CPU
		{45DF67C1-11AC-4327-BBAF-09EE0C59C6C6}.Release|Any CPU.ActiveCfg = Release|Any CPU
		{45DF67C1-11AC-4327-BBAF-09EE0C59C6C6}.Release|Any CPU.Build.0 = Release|Any CPU
		{00FB8A66-89FE-4C09-9B87-9A6FC8337521}.Debug|Any CPU.ActiveCfg = Debug|Any CPU
		{00FB8A66-89FE-4C09-9B87-9A6FC8337521}.Debug|Any CPU.Build.0 = Debug|Any CPU
		{00FB8A66-89FE-4C09-9B87-9A6FC8337521}.Release|Any CPU.ActiveCfg = Release|Any CPU
		{00FB8A66-89FE-4C09-9B87-9A6FC8337521}.Release|Any CPU.Build.0 = Release|Any CPU
		{BAEFC73B-9A4D-4C72-B081-DBD6A9EE611B}.Debug|Any CPU.ActiveCfg = Debug|Any CPU
		{BAEFC73B-9A4D-4C72-B081-DBD6A9EE611B}.Debug|Any CPU.Build.0 = Debug|Any CPU
		{BAEFC73B-9A4D-4C72-B081-DBD6A9EE611B}.Release|Any CPU.ActiveCfg = Release|Any CPU
		{BAEFC73B-9A4D-4C72-B081-DBD6A9EE611B}.Release|Any CPU.Build.0 = Release|Any CPU
		{8E34DC0B-860E-4BFC-9F78-7556F8546BBE}.Debug|Any CPU.ActiveCfg = Debug|Any CPU
		{8E34DC0B-860E-4BFC-9F78-7556F8546BBE}.Debug|Any CPU.Build.0 = Debug|Any CPU
		{8E34DC0B-860E-4BFC-9F78-7556F8546BBE}.Release|Any CPU.ActiveCfg = Release|Any CPU
		{8E34DC0B-860E-4BFC-9F78-7556F8546BBE}.Release|Any CPU.Build.0 = Release|Any CPU
		{0C12CC72-2B7E-44C1-9B0E-8DF1CA5CCD55}.Debug|Any CPU.ActiveCfg = Debug|Any CPU
		{0C12CC72-2B7E-44C1-9B0E-8DF1CA5CCD55}.Debug|Any CPU.Build.0 = Debug|Any CPU
		{0C12CC72-2B7E-44C1-9B0E-8DF1CA5CCD55}.Release|Any CPU.ActiveCfg = Release|Any CPU
		{0C12CC72-2B7E-44C1-9B0E-8DF1CA5CCD55}.Release|Any CPU.Build.0 = Release|Any CPU
	EndGlobalSection
	GlobalSection(SolutionProperties) = preSolution
		HideSolutionNode = FALSE
	EndGlobalSection
	GlobalSection(NestedProjects) = preSolution
		{4CD84AC0-9624-4026-9D08-86F4A2AC40CD} = {DF1ECE0B-7D0B-4A12-8C19-2FFC0C9AA261}
		{F557C83A-5AF3-4E95-AC74-423B35A0EC59} = {DF1ECE0B-7D0B-4A12-8C19-2FFC0C9AA261}
		{A1B83C14-002D-45EC-AE28-635A8293335E} = {4CD84AC0-9624-4026-9D08-86F4A2AC40CD}
		{6625A42B-C663-4AC5-A38B-A96433F75EFD} = {4CD84AC0-9624-4026-9D08-86F4A2AC40CD}
		{DF750950-B1FB-41B0-B50C-F2139FBA188F} = {4CD84AC0-9624-4026-9D08-86F4A2AC40CD}
		{301E1F1C-114A-401A-B6E1-D917515D2AC5} = {F557C83A-5AF3-4E95-AC74-423B35A0EC59}
		{45DF67C1-11AC-4327-BBAF-09EE0C59C6C6} = {F557C83A-5AF3-4E95-AC74-423B35A0EC59}
		{00FB8A66-89FE-4C09-9B87-9A6FC8337521} = {F557C83A-5AF3-4E95-AC74-423B35A0EC59}
		{BAEFC73B-9A4D-4C72-B081-DBD6A9EE611B} = {F557C83A-5AF3-4E95-AC74-423B35A0EC59}
		{8E34DC0B-860E-4BFC-9F78-7556F8546BBE} = {893BA4A2-0CC5-424B-A7B6-F8DD76C281B1}
		{0C12CC72-2B7E-44C1-9B0E-8DF1CA5CCD55} = {4CD84AC0-9624-4026-9D08-86F4A2AC40CD}
	EndGlobalSection
	GlobalSection(ExtensibilityGlobals) = postSolution
		SolutionGuid = {78FB9B47-6B4A-41C9-8FDE-9543751C3DB2}
	EndGlobalSection
EndGlobal
